
Microsoft Visual Studio Solution File, Format Version 12.00
# Visual Studio 14
VisualStudioVersion = 14.0.23107.0
MinimumVisualStudioVersion = 10.0.40219.1
Project("{FAE04EC0-301F-11D3-BF4B-00C04F79EFBC}") = "WindowsFormsApplication1hello", "WindowsFormsApplication1hello\WindowsFormsApplication1hello.csproj", "{FA978EB1-C802-4AD5-B230-ABA63575774E}"
EndProject
Project("{FAE04EC0-301F-11D3-BF4B-00C04F79EFBC}") = "WindowsFormsApplication1", "WindowsFormsApplication1\WindowsFormsApplication1.csproj", "{5F8B7101-B8CA-4EED-A5E6-4AE399D399D9}"
EndProject
Global
	GlobalSection(SolutionConfigurationPlatforms) = preSolution
		Debug|Any CPU = Debug|Any CPU
		Release|Any CPU = Release|Any CPU
	EndGlobalSection
	GlobalSection(ProjectConfigurationPlatforms) = postSolution
		{FA978EB1-C802-4AD5-B230-ABA63575774E}.Debug|Any CPU.ActiveCfg = Debug|Any CPU
		{FA978EB1-C802-4AD5-B230-ABA63575774E}.Debug|Any CPU.Build.0 = Debug|Any CPU
		{FA978EB1-C802-4AD5-B230-ABA63575774E}.Release|Any CPU.ActiveCfg = Release|Any CPU
		{FA978EB1-C802-4AD5-B230-ABA63575774E}.Release|Any CPU.Build.0 = Release|Any CPU
		{5F8B7101-B8CA-4EED-A5E6-4AE399D399D9}.Debug|Any CPU.ActiveCfg = Debug|Any CPU
		{5F8B7101-B8CA-4EED-A5E6-4AE399D399D9}.Debug|Any CPU.Build.0 = Debug|Any CPU
		{5F8B7101-B8CA-4EED-A5E6-4AE399D399D9}.Release|Any CPU.ActiveCfg = Release|Any CPU
		{5F8B7101-B8CA-4EED-A5E6-4AE399D399D9}.Release|Any CPU.Build.0 = Release|Any CPU
	EndGlobalSection
	GlobalSection(SolutionProperties) = preSolution
		HideSolutionNode = FALSE
	EndGlobalSection
EndGlobal
